
Microsoft Visual Studio Solution File, Format Version 12.00
# Visual Studio Version 16
VisualStudioVersion = 16.0.29424.173
MinimumVisualStudioVersion = 10.0.40219.1
Project("{FAE04EC0-301F-11D3-BF4B-00C04F79EFBC}") = "stone1", "stone1\stone1.csproj", "{A512C717-9C7A-431B-8072-3318873FB8BF}"
EndProject
Global
	GlobalSection(SolutionConfigurationPlatforms) = preSolution
		Debug|Any CPU = Debug|Any CPU
		Release|Any CPU = Release|Any CPU
	EndGlobalSection
	GlobalSection(ProjectConfigurationPlatforms) = postSolution
		{A512C717-9C7A-431B-8072-3318873FB8BF}.Debug|Any CPU.ActiveCfg = Debug|Any CPU
		{A512C717-9C7A-431B-8072-3318873FB8BF}.Debug|Any CPU.Build.0 = Debug|Any CPU
		{A512C717-9C7A-431B-8072-3318873FB8BF}.Release|Any CPU.ActiveCfg = Release|Any CPU
		{A512C717-9C7A-431B-8072-3318873FB8BF}.Release|Any CPU.Build.0 = Release|Any CPU
	EndGlobalSection
	GlobalSection(SolutionProperties) = preSolution
		HideSolutionNode = FALSE
	EndGlobalSection
	GlobalSection(ExtensibilityGlobals) = postSolution
		SolutionGuid = {B704CCD3-1864-4387-8367-A06926F14048}
	EndGlobalSection
EndGlobal
